// !$*UTF8*$!
{
	archiveVersion = 1;
	classes = {
	};
	objectVersion = 46;
	objects = {

/* Begin PBXBuildFile section */
		D417B4FB1CA71676006EF783 /* SelectedPedigreeTableViewController.swift in Sources */ = {isa = PBXBuildFile; fileRef = D417B4FA1CA71676006EF783 /* SelectedPedigreeTableViewController.swift */; };
		D419873C1CA4BB490072950E /* AppDelegate.swift in Sources */ = {isa = PBXBuildFile; fileRef = D419873B1CA4BB490072950E /* AppDelegate.swift */; };
		D41987411CA4BB490072950E /* Main.storyboard in Resources */ = {isa = PBXBuildFile; fileRef = D419873F1CA4BB490072950E /* Main.storyboard */; };
		D41987431CA4BB490072950E /* Assets.xcassets in Resources */ = {isa = PBXBuildFile; fileRef = D41987421CA4BB490072950E /* Assets.xcassets */; };
		D41987461CA4BB490072950E /* LaunchScreen.storyboard in Resources */ = {isa = PBXBuildFile; fileRef = D41987441CA4BB490072950E /* LaunchScreen.storyboard */; };
		D419874F1CA4BD250072950E /* Individual.swift in Sources */ = {isa = PBXBuildFile; fileRef = D419874E1CA4BD250072950E /* Individual.swift */; };
		D428E1CD1CA645E600B98AFC /* Pedigree.swift in Sources */ = {isa = PBXBuildFile; fileRef = D428E1CC1CA645E600B98AFC /* Pedigree.swift */; };
		D4B327FD1CA64FC800B0C04A /* PedigreeTableViewController.swift in Sources */ = {isa = PBXBuildFile; fileRef = D4B327FC1CA64FC800B0C04A /* PedigreeTableViewController.swift */; };
		D4B327FF1CA651DC00B0C04A /* model-data.json in Resources */ = {isa = PBXBuildFile; fileRef = D4B327FE1CA651DB00B0C04A /* model-data.json */; };
/* End PBXBuildFile section */

/* Begin PBXFileReference section */
		D417B4FA1CA71676006EF783 /* SelectedPedigreeTableViewController.swift */ = {isa = PBXFileReference; fileEncoding = 4; lastKnownFileType = sourcecode.swift; name = SelectedPedigreeTableViewController.swift; path = Controllers/SelectedPedigreeTableViewController.swift; sourceTree = "<group>"; };
		D41987381CA4BB490072950E /* PedigreeTable.app */ = {isa = PBXFileReference; explicitFileType = wrapper.application; includeInIndex = 0; path = PedigreeTable.app; sourceTree = BUILT_PRODUCTS_DIR; };
		D419873B1CA4BB490072950E /* AppDelegate.swift */ = {isa = PBXFileReference; lastKnownFileType = sourcecode.swift; path = AppDelegate.swift; sourceTree = "<group>"; };
		D41987401CA4BB490072950E /* Base */ = {isa = PBXFileReference; lastKnownFileType = file.storyboard; name = Base; path = Base.lproj/Main.storyboard; sourceTree = "<group>"; };
		D41987421CA4BB490072950E /* Assets.xcassets */ = {isa = PBXFileReference; lastKnownFileType = folder.assetcatalog; path = Assets.xcassets; sourceTree = "<group>"; };
		D41987451CA4BB490072950E /* Base */ = {isa = PBXFileReference; lastKnownFileType = file.storyboard; name = Base; path = Base.lproj/LaunchScreen.storyboard; sourceTree = "<group>"; };
		D41987471CA4BB490072950E /* Info.plist */ = {isa = PBXFileReference; lastKnownFileType = text.plist.xml; path = Info.plist; sourceTree = "<group>"; };
		D419874E1CA4BD250072950E /* Individual.swift */ = {isa = PBXFileReference; fileEncoding = 4; lastKnownFileType = sourcecode.swift; name = Individual.swift; path = Model/Individual.swift; sourceTree = "<group>"; };
		D428E1CC1CA645E600B98AFC /* Pedigree.swift */ = {isa = PBXFileReference; fileEncoding = 4; lastKnownFileType = sourcecode.swift; name = Pedigree.swift; path = Model/Pedigree.swift; sourceTree = "<group>"; };
		D4B327FC1CA64FC800B0C04A /* PedigreeTableViewController.swift */ = {isa = PBXFileReference; fileEncoding = 4; lastKnownFileType = sourcecode.swift; name = PedigreeTableViewController.swift; path = Controllers/PedigreeTableViewController.swift; sourceTree = "<group>"; };
		D4B327FE1CA651DB00B0C04A /* model-data.json */ = {isa = PBXFileReference; fileEncoding = 4; lastKnownFileType = text.json; name = "model-data.json"; path = "PedigreeTable/model-data.json"; sourceTree = "<group>"; };
/* End PBXFileReference section */

/* Begin PBXFrameworksBuildPhase section */
		D41987351CA4BB490072950E /* Frameworks */ = {
			isa = PBXFrameworksBuildPhase;
			buildActionMask = 2147483647;
			files = (
			);
			runOnlyForDeploymentPostprocessing = 0;
		};
/* End PBXFrameworksBuildPhase section */

/* Begin PBXGroup section */
		D419872F1CA4BB490072950E = {
			isa = PBXGroup;
			children = (
				D4B327FE1CA651DB00B0C04A /* model-data.json */,
				D419873A1CA4BB490072950E /* PedigreeTable */,
				D41987391CA4BB490072950E /* Products */,
			);
			sourceTree = "<group>";
		};
		D41987391CA4BB490072950E /* Products */ = {
			isa = PBXGroup;
			children = (
				D41987381CA4BB490072950E /* PedigreeTable.app */,
			);
			name = Products;
			sourceTree = "<group>";
		};
		D419873A1CA4BB490072950E /* PedigreeTable */ = {
			isa = PBXGroup;
			children = (
				D419874D1CA4BC8F0072950E /* Model */,
				D4B327FB1CA64FA000B0C04A /* Controllers */,
				D419873B1CA4BB490072950E /* AppDelegate.swift */,
				D419873F1CA4BB490072950E /* Main.storyboard */,
				D41987421CA4BB490072950E /* Assets.xcassets */,
				D41987441CA4BB490072950E /* LaunchScreen.storyboard */,
				D41987471CA4BB490072950E /* Info.plist */,
			);
			path = PedigreeTable;
			sourceTree = "<group>";
		};
		D419874D1CA4BC8F0072950E /* Model */ = {
			isa = PBXGroup;
			children = (
				D419874E1CA4BD250072950E /* Individual.swift */,
				D428E1CC1CA645E600B98AFC /* Pedigree.swift */,
			);
			name = Model;
			sourceTree = "<group>";
		};
		D4B327FB1CA64FA000B0C04A /* Controllers */ = {
			isa = PBXGroup;
			children = (
				D4B327FC1CA64FC800B0C04A /* PedigreeTableViewController.swift */,
				D417B4FA1CA71676006EF783 /* SelectedPedigreeTableViewController.swift */,
			);
			name = Controllers;
			sourceTree = "<group>";
		};
/* End PBXGroup section */

/* Begin PBXNativeTarget section */
		D41987371CA4BB490072950E /* PedigreeTable */ = {
			isa = PBXNativeTarget;
			buildConfigurationList = D419874A1CA4BB490072950E /* Build configuration list for PBXNativeTarget "PedigreeTable" */;
			buildPhases = (
				D41987341CA4BB490072950E /* Sources */,
				D41987351CA4BB490072950E /* Frameworks */,
				D41987361CA4BB490072950E /* Resources */,
			);
			buildRules = (
			);
			dependencies = (
			);
			name = PedigreeTable;
			productName = PedigreeTable;
			productReference = D41987381CA4BB490072950E /* PedigreeTable.app */;
			productType = "com.apple.product-type.application";
		};
/* End PBXNativeTarget section */

/* Begin PBXProject section */
		D41987301CA4BB490072950E /* Project object */ = {
			isa = PBXProject;
			attributes = {
				LastSwiftUpdateCheck = 0730;
				LastUpgradeCheck = 0730;
				ORGANIZATIONNAME = "David Aghassi";
				TargetAttributes = {
					D41987371CA4BB490072950E = {
						CreatedOnToolsVersion = 7.3;
					};
				};
			};
			buildConfigurationList = D41987331CA4BB490072950E /* Build configuration list for PBXProject "PedigreeTable" */;
			compatibilityVersion = "Xcode 3.2";
			developmentRegion = English;
			hasScannedForEncodings = 0;
			knownRegions = (
				en,
				Base,
			);
			mainGroup = D419872F1CA4BB490072950E;
			productRefGroup = D41987391CA4BB490072950E /* Products */;
			projectDirPath = "";
			projectRoot = "";
			targets = (
				D41987371CA4BB490072950E /* PedigreeTable */,
			);
		};
/* End PBXProject section */

/* Begin PBXResourcesBuildPhase section */
		D41987361CA4BB490072950E /* Resources */ = {
			isa = PBXResourcesBuildPhase;
			buildActionMask = 2147483647;
			files = (
				D41987461CA4BB490072950E /* LaunchScreen.storyboard in Resources */,
				D41987431CA4BB490072950E /* Assets.xcassets in Resources */,
				D41987411CA4BB490072950E /* Main.storyboard in Resources */,
				D4B327FF1CA651DC00B0C04A /* model-data.json in Resources */,
			);
			runOnlyForDeploymentPostprocessing = 0;
		};
/* End PBXResourcesBuildPhase section */

/* Begin PBXSourcesBuildPhase section */
		D41987341CA4BB490072950E /* Sources */ = {
			isa = PBXSourcesBuildPhase;
			buildActionMask = 2147483647;
			files = (
				D4B327FD1CA64FC800B0C04A /* PedigreeTableViewController.swift in Sources */,
				D419874F1CA4BD250072950E /* Individual.swift in Sources */,
				D417B4FB1CA71676006EF783 /* SelectedPedigreeTableViewController.swift in Sources */,
				D428E1CD1CA645E600B98AFC /* Pedigree.swift in Sources */,
				D419873C1CA4BB490072950E /* AppDelegate.swift in Sources */,
			);
			runOnlyForDeploymentPostprocessing = 0;
		};
/* End PBXSourcesBuildPhase section */

/* Begin PBXVariantGroup section */
		D419873F1CA4BB490072950E /* Main.storyboard */ = {
			isa = PBXVariantGroup;
			children = (
				D41987401CA4BB490072950E /* Base */,
			);
			name = Main.storyboard;
			sourceTree = "<group>";
		};
		D41987441CA4BB490072950E /* LaunchScreen.storyboard */ = {
			isa = PBXVariantGroup;
			children = (
				D41987451CA4BB490072950E /* Base */,
			);
			name = LaunchScreen.storyboard;
			sourceTree = "<group>";
		};
/* End PBXVariantGroup section */

/* Begin XCBuildConfiguration section */
		D41987481CA4BB490072950E /* Debug */ = {
			isa = XCBuildConfiguration;
			buildSettings = {
				ALWAYS_SEARCH_USER_PATHS = NO;
				CLANG_ANALYZER_NONNULL = YES;
				CLANG_CXX_LANGUAGE_STANDARD = "gnu++0x";
				CLANG_CXX_LIBRARY = "libc++";
				CLANG_ENABLE_MODULES = YES;
				CLANG_ENABLE_OBJC_ARC = YES;
				CLANG_WARN_BOOL_CONVERSION = YES;
				CLANG_WARN_CONSTANT_CONVERSION = YES;
				CLANG_WARN_DIRECT_OBJC_ISA_USAGE = YES_ERROR;
				CLANG_WARN_EMPTY_BODY = YES;
				CLANG_WARN_ENUM_CONVERSION = YES;
				CLANG_WARN_INT_CONVERSION = YES;
				CLANG_WARN_OBJC_ROOT_CLASS = YES_ERROR;
				CLANG_WARN_UNREACHABLE_CODE = YES;
				CLANG_WARN__DUPLICATE_METHOD_MATCH = YES;
				"CODE_SIGN_IDENTITY[sdk=iphoneos*]" = "iPhone Developer";
				COPY_PHASE_STRIP = NO;
				DEBUG_INFORMATION_FORMAT = dwarf;
				ENABLE_STRICT_OBJC_MSGSEND = YES;
				ENABLE_TESTABILITY = YES;
				GCC_C_LANGUAGE_STANDARD = gnu99;
				GCC_DYNAMIC_NO_PIC = NO;
				GCC_NO_COMMON_BLOCKS = YES;
				GCC_OPTIMIZATION_LEVEL = 0;
				GCC_PREPROCESSOR_DEFINITIONS = (
					"DEBUG=1",
					"$(inherited)",
				);
				GCC_WARN_64_TO_32_BIT_CONVERSION = YES;
				GCC_WARN_ABOUT_RETURN_TYPE = YES_ERROR;
				GCC_WARN_UNDECLARED_SELECTOR = YES;
				GCC_WARN_UNINITIALIZED_AUTOS = YES_AGGRESSIVE;
				GCC_WARN_UNUSED_FUNCTION = YES;
				GCC_WARN_UNUSED_VARIABLE = YES;
				IPHONEOS_DEPLOYMENT_TARGET = 9.3;
				MTL_ENABLE_DEBUG_INFO = YES;
				ONLY_ACTIVE_ARCH = YES;
				SDKROOT = iphoneos;
				SWIFT_OPTIMIZATION_LEVEL = "-Onone";
			};
			name = Debug;
		};
		D41987491CA4BB490072950E /* Release */ = {
			isa = XCBuildConfiguration;
			buildSettings = {
				ALWAYS_SEARCH_USER_PATHS = NO;
				CLANG_ANALYZER_NONNULL = YES;
				CLANG_CXX_LANGUAGE_STANDARD = "gnu++0x";
				CLANG_CXX_LIBRARY = "libc++";
				CLANG_ENABLE_MODULES = YES;
				CLANG_ENABLE_OBJC_ARC = YES;
				CLANG_WARN_BOOL_CONVERSION = YES;
				CLANG_WARN_CONSTANT_CONVERSION = YES;
				CLANG_WARN_DIRECT_OBJC_ISA_USAGE = YES_ERROR;
				CLANG_WARN_EMPTY_BODY = YES;
				CLANG_WARN_ENUM_CONVERSION = YES;
				CLANG_WARN_INT_CONVERSION = YES;
				CLANG_WARN_OBJC_ROOT_CLASS = YES_ERROR;
				CLANG_WARN_UNREACHABLE_CODE = YES;
				CLANG_WARN__DUPLICATE_METHOD_MATCH = YES;
				"CODE_SIGN_IDENTITY[sdk=iphoneos*]" = "iPhone Developer";
				COPY_PHASE_STRIP = NO;
				DEBUG_INFORMATION_FORMAT = "dwarf-with-dsym";
				ENABLE_NS_ASSERTIONS = NO;
				ENABLE_STRICT_OBJC_MSGSEND = YES;
				GCC_C_LANGUAGE_STANDARD = gnu99;
				GCC_NO_COMMON_BLOCKS = YES;
				GCC_WARN_64_TO_32_BIT_CONVERSION = YES;
				GCC_WARN_ABOUT_RETURN_TYPE = YES_ERROR;
				GCC_WARN_UNDECLARED_SELECTOR = YES;
				GCC_WARN_UNINITIALIZED_AUTOS = YES_AGGRESSIVE;
				GCC_WARN_UNUSED_FUNCTION = YES;
				GCC_WARN_UNUSED_VARIABLE = YES;
				IPHONEOS_DEPLOYMENT_TARGET = 9.3;
				MTL_ENABLE_DEBUG_INFO = NO;
				SDKROOT = iphoneos;
				VALIDATE_PRODUCT = YES;
			};
			name = Release;
		};
		D419874B1CA4BB490072950E /* Debug */ = {
			isa = XCBuildConfiguration;
			buildSettings = {
				ASSETCATALOG_COMPILER_APPICON_NAME = AppIcon;
				INFOPLIST_FILE = PedigreeTable/Info.plist;
				LD_RUNPATH_SEARCH_PATHS = "$(inherited) @executable_path/Frameworks";
				PRODUCT_BUNDLE_IDENTIFIER = aghassi.PedigreeTable;
				PRODUCT_NAME = "$(TARGET_NAME)";
			};
			name = Debug;
		};
		D419874C1CA4BB490072950E /* Release */ = {
			isa = XCBuildConfiguration;
			buildSettings = {
				ASSETCATALOG_COMPILER_APPICON_NAME = AppIcon;
				INFOPLIST_FILE = PedigreeTable/Info.plist;
				LD_RUNPATH_SEARCH_PATHS = "$(inherited) @executable_path/Frameworks";
				PRODUCT_BUNDLE_IDENTIFIER = aghassi.PedigreeTable;
				PRODUCT_NAME = "$(TARGET_NAME)";
			};
			name = Release;
		};
/* End XCBuildConfiguration section */

/* Begin XCConfigurationList section */
		D41987331CA4BB490072950E /* Build configuration list for PBXProject "PedigreeTable" */ = {
			isa = XCConfigurationList;
			buildConfigurations = (
				D41987481CA4BB490072950E /* Debug */,
				D41987491CA4BB490072950E /* Release */,
			);
			defaultConfigurationIsVisible = 0;
			defaultConfigurationName = Release;
		};
		D419874A1CA4BB490072950E /* Build configuration list for PBXNativeTarget "PedigreeTable" */ = {
			isa = XCConfigurationList;
			buildConfigurations = (
				D419874B1CA4BB490072950E /* Debug */,
				D419874C1CA4BB490072950E /* Release */,
			);
			defaultConfigurationIsVisible = 0;
			defaultConfigurationName = Release;
		};
/* End XCConfigurationList section */
	};
	rootObject = D41987301CA4BB490072950E /* Project object */;
}
